github.com/go-logr/logr v0.1.0/go.mod h1:ixOQHD9gLJUVQQ2ZOR7zLEifBX6tGkNJF4QyIY7sIas=
github.com/golang/protobuf v1.5.2 h1:ROPKBNFfQgOUMifHyP+KYbvpjbdoFNs+aK7DXlji0Tw=
github.com/google/go-cmp v0.5.6 h1:BKbKCqvP6I+rmFHt06ZmyQtvB8xAkWdhFyr0ZUNZcxQ=
github.com/spf13/pflag v1.0.5 h1:iy+VFUOCP1a+8yFto/drg2CJ5u0yRoB7fZw3DKv/JXA=
github.com/spf13/pflag v1.0.5/go.mod h1:McXfInJRrz4CZXVZOBLb0bTZqETkiAhM9Iw0y3An2Bg=
golang.org/x/net v0.0.0-20220127200216-cd36cc0744dd h1:O7DYs+zxREGLKzKoMQrtrEacpb0ZVXA5rIwylE2Xchk=
golang.org/x/sys v0.0.0-20220209214540-3681064d5158 h1:rm+CHSpPEEW2IsXUib1ThaHIjuBVZjxNgSKmBLFfD4c=
golang.org/x/text v0.3.7 h1:olpwvP2KacW1ZWvsR7uQhoyTYvKAupfQrRGBFM352Gk=
golang.org/x/xerrors v0.0.0-20200804184101-5ec99f83aff1 h1:go1bK/D/BFZV2I8cIQd1NKEZ+0owSTG1fDTci4IqFcE=
google.golang.org/genproto v0.0.0-20220107163113-42d7afdf6368 h1:Et6SkiuvnBn+SgrSYXs/BrUpGB4mbdwt4R3vaPIlicA=
google.golang.org/grpc v1.41.0 h1:f+PlOh7QV4iIJkPrx5NQ7qaNGFQ3OTse67yaDHfju4E=
google.golang.org/protobuf v1.28.0 h1:w43yiav+6bVFTBQFZX0r7ipe9JQ1QsbMgHwbBziscLw=
k8s.io/klog v1.0.0 h1:Pt+yjF5aB1xDSVbau4VsWe+dQNzA0qv1LlXdC2dF6Q8=
k8s.io/klog v1.0.0/go.mod h1:4Bi6QPql/J/LkTDqv7R/cd3hPo4k2DG6Ptcz060Ez5I=
sigs.k8s.io/kpng/api v0.0.0-20220521134046-f747cedbe766 h1:SI07tXcC/vEYgFfq+5Brcu+WPMlzdfMGF2STRclUh9M=
