github.com/go-logr/logr v1.2.0 h1:QK40JKJyMdUDz+h+xvCsru/bJhvG0UxvePV0ufL/AcE=
github.com/go-logr/logr v1.2.0/go.mod h1:jdQByPbusPIv2/zmleS9BjJVeZ6kBagPoEUsqbVz/1A=
k8s.io/klog/v2 v2.60.1 h1:VW25q3bZx9uE3vvdL6M8ezOX79vA2Aq1nEWLqNQclHc=
k8s.io/klog/v2 v2.60.1/go.mod h1:y1WjHnz7Dj687irZUWR/WLkLc5N1YHtjLdmgWjndZn0=
