github.com/davecgh/go-spew v1.1.1 h1:vj9j/u1bqnvCEfJOwUhtlOARqs3+rkHYY13jYWTU97c=
github.com/emicklei/go-restful/v3 v3.9.0 h1:XwGDlfxEnQZzuopoqxwSEllNcCOM9DhhFyhFIIGKwxE=
github.com/go-logr/logr v1.2.3 h1:2DntVwHkVopvECVRSlL5PSo9eG+cAkDCuckLubN+rq0=
github.com/go-openapi/jsonpointer v0.19.5 h1:gZr+CIYByUqjcgeLXnQu2gHYQC9o73G2XUeOFYEICuY=
github.com/go-openapi/jsonreference v0.20.0 h1:MYlu0sBgChmCfJxxUKZ8g1cPWFOB37YSZqewK7OKeyA=
github.com/go-openapi/swag v0.22.3 h1:yMBqmnQ0gyZvEb/+KzuWZOXgllrXT4SADYbvDaXHv/g=
github.com/gogo/protobuf v1.3.2 h1:Ov1cvc58UF3b5XjBnZv7+opcTcQFZebYjWzi34vdm4Q=
github.com/golang/groupcache v0.0.0-20210331224755-41bb18bfe9da h1:oI5xCqsCo564l8iNU+DwB5epxmsaqB+rhGL0m5jtYqE=
github.com/golang/protobuf v1.5.2 h1:ROPKBNFfQgOUMifHyP+KYbvpjbdoFNs+aK7DXlji0Tw=
github.com/google/gnostic v0.6.9 h1:ZK/5VhkoX835RikCHpSUJV9a+S3e1zLh59YnyWeBW+0=
github.com/google/go-cmp v0.5.9 h1:O2Tfq5qg4qc4AmwVlvv0oLiVAGB7enBSJ2x2DqQFi38=
github.com/google/gofuzz v1.2.0 h1:xRy4A+RhZaiKjJ1bPfwQ8sedCA+YS2YcCHW6ec7JMi0=
github.com/josharian/intern v1.0.0 h1:vlS4z54oSdjm0bgjRigI+G1HpF+tI+9rE5LLzOg8HmY=
github.com/json-iterator/go v1.1.12 h1:PV8peI4a0ysnczrg+LtxykD8LfKY9ML6u2jnxaEnrnM=
github.com/kr/pretty v0.3.0 h1:WgNl7dwNpEZ6jJ9k1snq4pZsg7DOEN8hP9Xw0Tsjwk0=
github.com/kr/text v0.2.0 h1:5Nx0Ya0ZqY2ygV366QzturHI13Jq95ApcVaJBhpS+AY=
github.com/mailru/easyjson v0.7.7 h1:UGYAvKxe3sBsEDzO8ZeWOSlIQfWFlxbzLZe7hwFURr0=
github.com/modern-go/concurrent v0.0.0-20180306012644-bacd9c7ef1dd h1:TRLaZ9cD/w8PVh93nsPXa1VrQ6jlwL5oN8l14QlcNfg=
github.com/modern-go/reflect2 v1.0.2 h1:xBagoLtFs94CBntxluKeaWgTMpvLxC4ur3nMaC9Gz0M=
github.com/munnerz/goautoneg v0.0.0-20191010083416-a7dc8b61c822 h1:C3w9PqII01/Oq1c1nUAm88MOHcQC9l5mIlSMApZMrHA=
github.com/onsi/ginkgo/v2 v2.1.6 h1:Fx2POJZfKRQcM1pH49qSZiYeu319wji004qX+GDovrU=
github.com/onsi/gomega v1.20.1 h1:PA/3qinGoukvymdIDV8pii6tiZgC8kbmJO6Z5+b002Q=
github.com/pmezard/go-difflib v1.0.0 h1:4DBwDE0NGyQoBHbLQYPwSUPoCMWR5BEzIk/f1lZbAQM=
github.com/rogpeppe/go-internal v1.6.1 h1:/FiVV8dS/e+YqF2JvO3yXRFbBLTIuSDkuC7aBOAvL+k=
github.com/spf13/pflag v1.0.5 h1:iy+VFUOCP1a+8yFto/drg2CJ5u0yRoB7fZw3DKv/JXA=
github.com/stretchr/testify v1.8.0 h1:pSgiaMZlXftHpm5L7V1+rVB+AZJydKsMxsQBIJw4PKk=
golang.org/x/net v0.0.0-20221004154528-8021a29435af h1:wv66FM3rLZGPdxpYL+ApnDe2HzHcTFta3z5nsc13wI4=
golang.org/x/oauth2 v0.0.0-20221006150949-b44042a4b9c1 h1:3VPzK7eqH25j7GYw5w6g/GzNRc0/fYtrxz27z1gD4W0=
golang.org/x/sys v0.0.0-20221010170243-090e33056c14 h1:k5II8e6QD8mITdi+okbbmR/cIyEbeXLBhy5Ha4nevyc=
golang.org/x/term v0.0.0-20220919170432-7a66f970e087 h1:tPwmk4vmvVCMdr98VgL4JH+qZxPL8fqlUOHnyOM8N3w=
golang.org/x/text v0.3.7 h1:olpwvP2KacW1ZWvsR7uQhoyTYvKAupfQrRGBFM352Gk=
golang.org/x/time v0.0.0-20220922220347-f3bd1da661af h1:Yx9k8YCG3dvF87UAn2tu2HQLf2dt/eR1bXxpLMWeH+Y=
google.golang.org/appengine v1.6.7 h1:FZR1q0exgwxzPzp/aF+VccGrSfxfPpkBqjIIEq3ru6c=
google.golang.org/protobuf v1.28.1 h1:d0NfwRgPtno5B1Wa6L2DAG+KivqkdutMf1UhdNx175w=
gopkg.in/check.v1 v1.0.0-20201130134442-10cb98267c6c h1:Hei/4ADfdWqJk1ZMxUNpqntNwaWcugrBjAiHlqqRiVk=
gopkg.in/inf.v0 v0.9.1 h1:73M5CoZyi3ZLMOyDlQh031Cx6N9NDJ2Vvfl76EDAgDc=
gopkg.in/yaml.v2 v2.4.0 h1:D8xgwECY7CYvx+Y2n4sBz93Jn9JRvxdiyyo8CTfuKaY=
gopkg.in/yaml.v3 v3.0.1 h1:fxVm/GzAzEWqLHuvctI91KS9hhNmmWOoWu0XTYJS7CA=
k8s.io/api v0.25.2 h1:v6G8RyFcwf0HR5jQGIAYlvtRNrxMJQG1xJzaSeVnIS8=
k8s.io/apimachinery v0.25.2 h1:WbxfAjCx+AeN8Ilp9joWnyJ6xu9OMeS/fsfjK/5zaQs=
k8s.io/apiserver v0.25.2 h1:YePimobk187IMIdnmsMxsfIbC5p4eX3WSOrS9x6FEYw=
k8s.io/client-go v0.25.2 h1:SUPp9p5CwM0yXGQrwYurw9LWz+YtMwhWd0GqOsSiefo=
k8s.io/component-base v0.25.2 h1:Nve/ZyHLUBHz1rqwkjXm/Re6IniNa5k7KgzxZpTfSQY=
k8s.io/component-helpers v0.25.0 h1:vNzYfqnVXj7f+CPksduKVv2Z9kC+IDsOs9yaOyxZrj0=
k8s.io/component-helpers v0.25.0/go.mod h1:auaFj2bvb5Zmy0mLk4WJNmwP0w4e7Zk+/Tu9FFBGA20=
k8s.io/klog/v2 v2.80.1 h1:atnLQ121W371wYYFawwYx1aEY2eUfs4l3J72wtgAwV4=
k8s.io/kube-openapi v0.0.0-20220928191237-829ce0c27909 h1:q/70bz7C1/LGuQu/JBX7Fpi55CwcCts/wbvlehe0RRo=
k8s.io/utils v0.0.0-20221011040102-427025108f67 h1:ZmUY7x0cwj9e7pGyCTIalBi5jpNfigO5sU46/xFoF/w=
sigs.k8s.io/json v0.0.0-20220713155537-f223a00ba0e2 h1:iXTIw73aPyC+oRdyqqvVJuloN1p0AC/kzH07hu3NE+k=
sigs.k8s.io/structured-merge-diff/v4 v4.2.3 h1:PRbqxJClWWYMNV1dhaG4NsibJbArud9kFxnAMREiWFE=
sigs.k8s.io/yaml v1.3.0 h1:a2VclLzOGrwOHDiV8EfBGhvjHvP46CtW5j6POvhYGGo=
